# This file is generated by running "yarn install" inside your project.
# Manual changes might be lost - proceed with caution!

__metadata:
  version: 6
  cacheKey: 8

"@types/command-line-args@npm:5.2.3":
  version: 5.2.3
  resolution: "@types/command-line-args@npm:5.2.3"
  checksum: 3d90db5b4bbaabd049654a0d12fa378989ab0d76a0f98d4c606761b5a08ce76458df0f9bb175219e187b4cd57e285e6f836d23e86b2c3d997820854cc3ed9121
  languageName: node
  linkType: hard

"@types/node@npm:^20.11.30":
  version: 20.11.30
  resolution: "@types/node@npm:20.11.30"
  dependencies:
    undici-types: ~5.26.4
  checksum: 7597767aa3e44b0f1bf62efa522dd17741135f283c11de6a20ead8bb7016fb4999cc30adcd8f2bb29ebb216906c92894346ccd187de170927dc1e212d2c07c81
  languageName: node
  linkType: hard

"@zooshdigital/bitbucket-code-insights@npm:^1.0.1":
  version: 1.0.1
  resolution: "@zooshdigital/bitbucket-code-insights@npm:1.0.1"
  checksum: af6ce900e5f1d28d49a9bace10a3b1a546612548e0fec3cbd333d9e20a158505ca1b26854868beb562d94efa0b7342891aeda7320ccba6e6a0281cb719195017
  languageName: node
  linkType: hard

"@zooshdigital/bitbucket-v8-coverage-report@workspace:.":
  version: 0.0.0-use.local
  resolution: "@zooshdigital/bitbucket-v8-coverage-report@workspace:."
  dependencies:
    "@types/command-line-args": 5.2.3
    "@types/node": ^20.11.30
    "@zooshdigital/bitbucket-code-insights": ^1.0.1
    command-line-args: 5.2.1
    cross-env: 7.0.3
    import-local: ^3.1.0
    npmlog: ^7.0.1
    typescript: ^4.5.4
  bin:
    bitbucket-v8-coverage-report: dist/cli.js
  languageName: unknown
  linkType: soft

"ansi-regex@npm:^5.0.1":
  version: 5.0.1
  resolution: "ansi-regex@npm:5.0.1"
  checksum: 2aa4bb54caf2d622f1afdad09441695af2a83aa3fe8b8afa581d205e57ed4261c183c4d3877cee25794443fde5876417d859c108078ab788d6af7e4fe52eb66b
  languageName: node
  linkType: hard

"aproba@npm:^1.0.3 || ^2.0.0":
  version: 2.0.0
  resolution: "aproba@npm:2.0.0"
  checksum: 5615cadcfb45289eea63f8afd064ab656006361020e1735112e346593856f87435e02d8dcc7ff0d11928bc7d425f27bc7c2a84f6c0b35ab0ff659c814c138a24
  languageName: node
  linkType: hard

"are-we-there-yet@npm:^4.0.0":
  version: 4.0.2
  resolution: "are-we-there-yet@npm:4.0.2"
  checksum: 29d562d3aad6428aa4d732f78b058f1025fda00305bb307b4cd6ee26a43e5b4c90c113e97e01fa43bfe04556a800ba7e5c947907891ae99bfb8a5ae2488078d0
  languageName: node
  linkType: hard

"array-back@npm:^3.0.1, array-back@npm:^3.1.0":
  version: 3.1.0
  resolution: "array-back@npm:3.1.0"
  checksum: 7205004fcd0f9edd926db921af901b083094608d5b265738d0290092f9822f73accb468e677db74c7c94ef432d39e5ed75a7b1786701e182efb25bbba9734209
  languageName: node
  linkType: hard

"color-support@npm:^1.1.3":
  version: 1.1.3
  resolution: "color-support@npm:1.1.3"
  bin:
    color-support: bin.js
  checksum: 9b7356817670b9a13a26ca5af1c21615463b500783b739b7634a0c2047c16cef4b2865d7576875c31c3cddf9dd621fa19285e628f20198b233a5cfdda6d0793b
  languageName: node
  linkType: hard

"command-line-args@npm:5.2.1":
  version: 5.2.1
  resolution: "command-line-args@npm:5.2.1"
  dependencies:
    array-back: ^3.1.0
    find-replace: ^3.0.0
    lodash.camelcase: ^4.3.0
    typical: ^4.0.0
  checksum: e759519087be3cf2e86af8b9a97d3058b4910cd11ee852495be881a067b72891f6a32718fb685ee6d41531ab76b2b7bfb6602f79f882cd4b7587ff1e827982c7
  languageName: node
  linkType: hard

"console-control-strings@npm:^1.1.0":
  version: 1.1.0
  resolution: "console-control-strings@npm:1.1.0"
  checksum: 8755d76787f94e6cf79ce4666f0c5519906d7f5b02d4b884cf41e11dcd759ed69c57da0670afd9236d229a46e0f9cf519db0cd829c6dca820bb5a5c3def584ed
  languageName: node
  linkType: hard

"cross-env@npm:7.0.3":
  version: 7.0.3
  resolution: "cross-env@npm:7.0.3"
  dependencies:
    cross-spawn: ^7.0.1
  bin:
    cross-env: src/bin/cross-env.js
    cross-env-shell: src/bin/cross-env-shell.js
  checksum: 26f2f3ea2ab32617f57effb70d329c2070d2f5630adc800985d8b30b56e8bf7f5f439dd3a0358b79cee6f930afc23cf8e23515f17ccfb30092c6b62c6b630a79
  languageName: node
  linkType: hard

"cross-spawn@npm:^7.0.1":
  version: 7.0.3
  resolution: "cross-spawn@npm:7.0.3"
  dependencies:
    path-key: ^3.1.0
    shebang-command: ^2.0.0
    which: ^2.0.1
  checksum: 671cc7c7288c3a8406f3c69a3ae2fc85555c04169e9d611def9a675635472614f1c0ed0ef80955d5b6d4e724f6ced67f0ad1bb006c2ea643488fcfef994d7f52
  languageName: node
  linkType: hard

"emoji-regex@npm:^8.0.0":
  version: 8.0.0
  resolution: "emoji-regex@npm:8.0.0"
  checksum: d4c5c39d5a9868b5fa152f00cada8a936868fd3367f33f71be515ecee4c803132d11b31a6222b2571b1e5f7e13890156a94880345594d0ce7e3c9895f560f192
  languageName: node
  linkType: hard

"find-replace@npm:^3.0.0":
  version: 3.0.0
  resolution: "find-replace@npm:3.0.0"
  dependencies:
    array-back: ^3.0.1
  checksum: 6b04bcfd79027f5b84aa1dfe100e3295da989bdac4b4de6b277f4d063e78f5c9e92ebc8a1fec6dd3b448c924ba404ee051cc759e14a3ee3e825fa1361025df08
  languageName: node
  linkType: hard

"find-up@npm:^4.0.0":
  version: 4.1.0
  resolution: "find-up@npm:4.1.0"
  dependencies:
    locate-path: ^5.0.0
    path-exists: ^4.0.0
  checksum: 4c172680e8f8c1f78839486e14a43ef82e9decd0e74145f40707cc42e7420506d5ec92d9a11c22bd2c48fb0c384ea05dd30e10dd152fefeec6f2f75282a8b844
  languageName: node
  linkType: hard

"gauge@npm:^5.0.0":
  version: 5.0.1
  resolution: "gauge@npm:5.0.1"
  dependencies:
    aproba: ^1.0.3 || ^2.0.0
    color-support: ^1.1.3
    console-control-strings: ^1.1.0
    has-unicode: ^2.0.1
    signal-exit: ^4.0.1
    string-width: ^4.2.3
    strip-ansi: ^6.0.1
    wide-align: ^1.1.5
  checksum: 09b1eb8d8c850df7e4e2822feef27427afc845d4839fa13a08ddad74f882caf668dd1e77ac5e059d3e9a7b0cef59b706d28be40e1dc5fd326da32965e1f206a6
  languageName: node
  linkType: hard

"has-unicode@npm:^2.0.1":
  version: 2.0.1
  resolution: "has-unicode@npm:2.0.1"
  checksum: 1eab07a7436512db0be40a710b29b5dc21fa04880b7f63c9980b706683127e3c1b57cb80ea96d47991bdae2dfe479604f6a1ba410106ee1046a41d1bd0814400
  languageName: node
  linkType: hard

"import-local@npm:^3.1.0":
  version: 3.1.0
  resolution: "import-local@npm:3.1.0"
  dependencies:
    pkg-dir: ^4.2.0
    resolve-cwd: ^3.0.0
  bin:
    import-local-fixture: fixtures/cli.js
  checksum: bfcdb63b5e3c0e245e347f3107564035b128a414c4da1172a20dc67db2504e05ede4ac2eee1252359f78b0bfd7b19ef180aec427c2fce6493ae782d73a04cddd
  languageName: node
  linkType: hard

"is-fullwidth-code-point@npm:^3.0.0":
  version: 3.0.0
  resolution: "is-fullwidth-code-point@npm:3.0.0"
  checksum: 44a30c29457c7fb8f00297bce733f0a64cd22eca270f83e58c105e0d015e45c019491a4ab2faef91ab51d4738c670daff901c799f6a700e27f7314029e99e348
  languageName: node
  linkType: hard

"isexe@npm:^2.0.0":
  version: 2.0.0
  resolution: "isexe@npm:2.0.0"
  checksum: 26bf6c5480dda5161c820c5b5c751ae1e766c587b1f951ea3fcfc973bafb7831ae5b54a31a69bd670220e42e99ec154475025a468eae58ea262f813fdc8d1c62
  languageName: node
  linkType: hard

"locate-path@npm:^5.0.0":
  version: 5.0.0
  resolution: "locate-path@npm:5.0.0"
  dependencies:
    p-locate: ^4.1.0
  checksum: 83e51725e67517287d73e1ded92b28602e3ae5580b301fe54bfb76c0c723e3f285b19252e375712316774cf52006cb236aed5704692c32db0d5d089b69696e30
  languageName: node
  linkType: hard

"lodash.camelcase@npm:^4.3.0":
  version: 4.3.0
  resolution: "lodash.camelcase@npm:4.3.0"
  checksum: cb9227612f71b83e42de93eccf1232feeb25e705bdb19ba26c04f91e885bfd3dd5c517c4a97137658190581d3493ea3973072ca010aab7e301046d90740393d1
  languageName: node
  linkType: hard

"npmlog@npm:^7.0.1":
  version: 7.0.1
  resolution: "npmlog@npm:7.0.1"
  dependencies:
    are-we-there-yet: ^4.0.0
    console-control-strings: ^1.1.0
    gauge: ^5.0.0
    set-blocking: ^2.0.0
  checksum: caabeb1f557c1094ad7ed3275b968b83ccbaefc133f17366ebb9fe8eb44e1aace28c31419d6244bfc0422aede1202875d555fe6661978bf04386f6cf617f43a4
  languageName: node
  linkType: hard

"p-limit@npm:^2.2.0":
  version: 2.3.0
  resolution: "p-limit@npm:2.3.0"
  dependencies:
    p-try: ^2.0.0
  checksum: 84ff17f1a38126c3314e91ecfe56aecbf36430940e2873dadaa773ffe072dc23b7af8e46d4b6485d302a11673fe94c6b67ca2cfbb60c989848b02100d0594ac1
  languageName: node
  linkType: hard

"p-locate@npm:^4.1.0":
  version: 4.1.0
  resolution: "p-locate@npm:4.1.0"
  dependencies:
    p-limit: ^2.2.0
  checksum: 513bd14a455f5da4ebfcb819ef706c54adb09097703de6aeaa5d26fe5ea16df92b48d1ac45e01e3944ce1e6aa2a66f7f8894742b8c9d6e276e16cd2049a2b870
  languageName: node
  linkType: hard

"p-try@npm:^2.0.0":
  version: 2.2.0
  resolution: "p-try@npm:2.2.0"
  checksum: f8a8e9a7693659383f06aec604ad5ead237c7a261c18048a6e1b5b85a5f8a067e469aa24f5bc009b991ea3b058a87f5065ef4176793a200d4917349881216cae
  languageName: node
  linkType: hard

"path-exists@npm:^4.0.0":
  version: 4.0.0
  resolution: "path-exists@npm:4.0.0"
  checksum: 505807199dfb7c50737b057dd8d351b82c033029ab94cb10a657609e00c1bc53b951cfdbccab8de04c5584d5eff31128ce6afd3db79281874a5ef2adbba55ed1
  languageName: node
  linkType: hard

"path-key@npm:^3.1.0":
  version: 3.1.1
  resolution: "path-key@npm:3.1.1"
  checksum: 55cd7a9dd4b343412a8386a743f9c746ef196e57c823d90ca3ab917f90ab9f13dd0ded27252ba49dbdfcab2b091d998bc446f6220cd3cea65db407502a740020
  languageName: node
  linkType: hard

"pkg-dir@npm:^4.2.0":
  version: 4.2.0
  resolution: "pkg-dir@npm:4.2.0"
  dependencies:
    find-up: ^4.0.0
  checksum: 9863e3f35132bf99ae1636d31ff1e1e3501251d480336edb1c211133c8d58906bed80f154a1d723652df1fda91e01c7442c2eeaf9dc83157c7ae89087e43c8d6
  languageName: node
  linkType: hard

"resolve-cwd@npm:^3.0.0":
  version: 3.0.0
  resolution: "resolve-cwd@npm:3.0.0"
  dependencies:
    resolve-from: ^5.0.0
  checksum: 546e0816012d65778e580ad62b29e975a642989108d9a3c5beabfb2304192fa3c9f9146fbdfe213563c6ff51975ae41bac1d3c6e047dd9572c94863a057b4d81
  languageName: node
  linkType: hard

"resolve-from@npm:^5.0.0":
  version: 5.0.0
  resolution: "resolve-from@npm:5.0.0"
  checksum: 4ceeb9113e1b1372d0cd969f3468fa042daa1dd9527b1b6bb88acb6ab55d8b9cd65dbf18819f9f9ddf0db804990901dcdaade80a215e7b2c23daae38e64f5bdf
  languageName: node
  linkType: hard

"set-blocking@npm:^2.0.0":
  version: 2.0.0
  resolution: "set-blocking@npm:2.0.0"
  checksum: 6e65a05f7cf7ebdf8b7c75b101e18c0b7e3dff4940d480efed8aad3a36a4005140b660fa1d804cb8bce911cac290441dc728084a30504d3516ac2ff7ad607b02
  languageName: node
  linkType: hard

"shebang-command@npm:^2.0.0":
  version: 2.0.0
  resolution: "shebang-command@npm:2.0.0"
  dependencies:
    shebang-regex: ^3.0.0
  checksum: 6b52fe87271c12968f6a054e60f6bde5f0f3d2db483a1e5c3e12d657c488a15474121a1d55cd958f6df026a54374ec38a4a963988c213b7570e1d51575cea7fa
  languageName: node
  linkType: hard

"shebang-regex@npm:^3.0.0":
  version: 3.0.0
  resolution: "shebang-regex@npm:3.0.0"
  checksum: 1a2bcae50de99034fcd92ad4212d8e01eedf52c7ec7830eedcf886622804fe36884278f2be8be0ea5fde3fd1c23911643a4e0f726c8685b61871c8908af01222
  languageName: node
  linkType: hard

"signal-exit@npm:^4.0.1":
  version: 4.1.0
  resolution: "signal-exit@npm:4.1.0"
  checksum: 64c757b498cb8629ffa5f75485340594d2f8189e9b08700e69199069c8e3070fb3e255f7ab873c05dc0b3cec412aea7402e10a5990cb6a050bd33ba062a6c549
  languageName: node
  linkType: hard

"string-width@npm:^1.0.2 || 2 || 3 || 4, string-width@npm:^4.2.3":
  version: 4.2.3
  resolution: "string-width@npm:4.2.3"
  dependencies:
    emoji-regex: ^8.0.0
    is-fullwidth-code-point: ^3.0.0
    strip-ansi: ^6.0.1
  checksum: e52c10dc3fbfcd6c3a15f159f54a90024241d0f149cf8aed2982a2d801d2e64df0bf1dc351cf8e95c3319323f9f220c16e740b06faecd53e2462df1d2b5443fb
  languageName: node
  linkType: hard

"strip-ansi@npm:^6.0.1":
  version: 6.0.1
  resolution: "strip-ansi@npm:6.0.1"
  dependencies:
    ansi-regex: ^5.0.1
  checksum: f3cd25890aef3ba6e1a74e20896c21a46f482e93df4a06567cebf2b57edabb15133f1f94e57434e0a958d61186087b1008e89c94875d019910a213181a14fc8c
  languageName: node
  linkType: hard

"typescript@npm:^4.5.4":
  version: 4.9.5
  resolution: "typescript@npm:4.9.5"
  bin:
    tsc: bin/tsc
    tsserver: bin/tsserver
  checksum: ee000bc26848147ad423b581bd250075662a354d84f0e06eb76d3b892328d8d4440b7487b5a83e851b12b255f55d71835b008a66cbf8f255a11e4400159237db
  languageName: node
  linkType: hard

"typescript@patch:typescript@^4.5.4#~builtin<compat/typescript>":
  version: 4.9.5
  resolution: "typescript@patch:typescript@npm%3A4.9.5#~builtin<compat/typescript>::version=4.9.5&hash=289587"
  bin:
    tsc: bin/tsc
    tsserver: bin/tsserver
  checksum: 1f8f3b6aaea19f0f67cba79057674ba580438a7db55057eb89cc06950483c5d632115c14077f6663ea76fd09fce3c190e6414bb98582ec80aa5a4eaf345d5b68
  languageName: node
  linkType: hard

"typical@npm:^4.0.0":
  version: 4.0.0
  resolution: "typical@npm:4.0.0"
  checksum: a242081956825328f535e6195a924240b34daf6e7fdb573a1809a42b9f37fb8114fa99c7ab89a695e0cdb419d4149d067f6723e4b95855ffd39c6c4ca378efb3
  languageName: node
  linkType: hard

"undici-types@npm:~5.26.4":
  version: 5.26.5
  resolution: "undici-types@npm:5.26.5"
  checksum: 3192ef6f3fd5df652f2dc1cd782b49d6ff14dc98e5dced492aa8a8c65425227da5da6aafe22523c67f035a272c599bb89cfe803c1db6311e44bed3042fc25487
  languageName: node
  linkType: hard

"which@npm:^2.0.1":
  version: 2.0.2
  resolution: "which@npm:2.0.2"
  dependencies:
    isexe: ^2.0.0
  bin:
    node-which: ./bin/node-which
  checksum: 1a5c563d3c1b52d5f893c8b61afe11abc3bab4afac492e8da5bde69d550de701cf9806235f20a47b5c8fa8a1d6a9135841de2596535e998027a54589000e66d1
  languageName: node
  linkType: hard

"wide-align@npm:^1.1.5":
  version: 1.1.5
  resolution: "wide-align@npm:1.1.5"
  dependencies:
    string-width: ^1.0.2 || 2 || 3 || 4
  checksum: d5fc37cd561f9daee3c80e03b92ed3e84d80dde3365a8767263d03dacfc8fa06b065ffe1df00d8c2a09f731482fcacae745abfbb478d4af36d0a891fad4834d3
  languageName: node
  linkType: hard
