# THIS IS AN AUTOGENERATED FILE. DO NOT EDIT THIS FILE DIRECTLY.
# yarn lockfile v1


"@esbuild/win32-x64@0.19.12":
  version "0.19.12"

"@isaacs/cliui@^8.0.2":
  version "8.0.2"
  dependencies:
    string-width "^5.1.2"
    string-width-cjs "npm:string-width@^4.2.0"
    strip-ansi "^7.0.1"
    strip-ansi-cjs "npm:strip-ansi@^6.0.1"
    wrap-ansi "^8.1.0"
    wrap-ansi-cjs "npm:wrap-ansi@^7.0.0"

"@jridgewell/gen-mapping@^0.3.2":
  version "0.3.5"
  dependencies:
    "@jridgewell/set-array" "^1.2.1"
    "@jridgewell/sourcemap-codec" "^1.4.10"
    "@jridgewell/trace-mapping" "^0.3.24"

"@jridgewell/resolve-uri@^3.1.0":
  version "3.1.2"

"@jridgewell/set-array@^1.2.1":
  version "1.2.1"

"@jridgewell/sourcemap-codec@^1.4.10", "@jridgewell/sourcemap-codec@^1.4.14":
  version "1.4.15"

"@jridgewell/trace-mapping@^0.3.24":
  version "0.3.25"
  dependencies:
    "@jridgewell/resolve-uri" "^3.1.0"
    "@jridgewell/sourcemap-codec" "^1.4.14"

"@nodelib/fs.scandir@2.1.5":
  version "2.1.5"
  dependencies:
    "@nodelib/fs.stat" "2.0.5"
    run-parallel "^1.1.9"

"@nodelib/fs.stat@^2.0.2", "@nodelib/fs.stat@2.0.5":
  version "2.0.5"

"@nodelib/fs.walk@^1.2.3":
  version "1.2.8"
  dependencies:
    "@nodelib/fs.scandir" "2.1.5"
    fastq "^1.6.0"

"@pkgjs/parseargs@^0.11.0":
  version "0.11.0"

"@rollup/rollup-win32-x64-msvc@4.13.0":
  version "4.13.0"

"@types/command-line-args@5.2.3":
  version "5.2.3"

"@types/estree@1.0.5":
  version "1.0.5"

"@zooshdigital/bitbucket-code-insights@file:../bitbucket-code-insights":
  version "1.0.0"
  resolved "file:../bitbucket-code-insights"

ansi-regex@^5.0.1:
  version "5.0.1"

ansi-regex@^6.0.1:
  version "6.0.1"

ansi-styles@^4.0.0:
  version "4.3.0"
  dependencies:
    color-convert "^2.0.1"

ansi-styles@^6.1.0:
  version "6.2.1"

any-promise@^1.0.0:
  version "1.3.0"

anymatch@~3.1.2:
  version "3.1.3"
  dependencies:
    normalize-path "^3.0.0"
    picomatch "^2.0.4"

array-back@^3.0.1, array-back@^3.1.0:
  version "3.1.0"

array-union@^2.1.0:
  version "2.1.0"

balanced-match@^1.0.0:
  version "1.0.2"

binary-extensions@^2.0.0:
  version "2.3.0"

brace-expansion@^2.0.1:
  version "2.0.1"
  dependencies:
    balanced-match "^1.0.0"

braces@^3.0.2, braces@~3.0.2:
  version "3.0.2"
  dependencies:
    fill-range "^7.0.1"

bundle-require@^4.0.0:
  version "4.0.2"
  dependencies:
    load-tsconfig "^0.2.3"

cac@^6.7.12:
  version "6.7.14"

chokidar@^3.5.1:
  version "3.6.0"
  dependencies:
    anymatch "~3.1.2"
    braces "~3.0.2"
    glob-parent "~5.1.2"
    is-binary-path "~2.1.0"
    is-glob "~4.0.1"
    normalize-path "~3.0.0"
    readdirp "~3.6.0"
  optionalDependencies:
    fsevents "~2.3.2"

color-convert@^2.0.1:
  version "2.0.1"
  dependencies:
    color-name "~1.1.4"

color-name@~1.1.4:
  version "1.1.4"

command-line-args@5.2.1:
  version "5.2.1"
  dependencies:
    array-back "^3.1.0"
    find-replace "^3.0.0"
    lodash.camelcase "^4.3.0"
    typical "^4.0.0"

commander@^4.0.0:
  version "4.1.1"

cross-env@7.0.3:
  version "7.0.3"
  dependencies:
    cross-spawn "^7.0.1"

cross-spawn@^7.0.0, cross-spawn@^7.0.1, cross-spawn@^7.0.3:
  version "7.0.3"
  dependencies:
    path-key "^3.1.0"
    shebang-command "^2.0.0"
    which "^2.0.1"

debug@^4.3.1:
  version "4.3.4"
  dependencies:
    ms "2.1.2"

dir-glob@^3.0.1:
  version "3.0.1"
  dependencies:
    path-type "^4.0.0"

eastasianwidth@^0.2.0:
  version "0.2.0"

emoji-regex@^8.0.0:
  version "8.0.0"

emoji-regex@^9.2.2:
  version "9.2.2"

esbuild@^0.19.2, esbuild@>=0.17:
  version "0.19.12"
  optionalDependencies:
    "@esbuild/aix-ppc64" "0.19.12"
    "@esbuild/android-arm" "0.19.12"
    "@esbuild/android-arm64" "0.19.12"
    "@esbuild/android-x64" "0.19.12"
    "@esbuild/darwin-arm64" "0.19.12"
    "@esbuild/darwin-x64" "0.19.12"
    "@esbuild/freebsd-arm64" "0.19.12"
    "@esbuild/freebsd-x64" "0.19.12"
    "@esbuild/linux-arm" "0.19.12"
    "@esbuild/linux-arm64" "0.19.12"
    "@esbuild/linux-ia32" "0.19.12"
    "@esbuild/linux-loong64" "0.19.12"
    "@esbuild/linux-mips64el" "0.19.12"
    "@esbuild/linux-ppc64" "0.19.12"
    "@esbuild/linux-riscv64" "0.19.12"
    "@esbuild/linux-s390x" "0.19.12"
    "@esbuild/linux-x64" "0.19.12"
    "@esbuild/netbsd-x64" "0.19.12"
    "@esbuild/openbsd-x64" "0.19.12"
    "@esbuild/sunos-x64" "0.19.12"
    "@esbuild/win32-arm64" "0.19.12"
    "@esbuild/win32-ia32" "0.19.12"
    "@esbuild/win32-x64" "0.19.12"

execa@^5.0.0:
  version "5.1.1"
  dependencies:
    cross-spawn "^7.0.3"
    get-stream "^6.0.0"
    human-signals "^2.1.0"
    is-stream "^2.0.0"
    merge-stream "^2.0.0"
    npm-run-path "^4.0.1"
    onetime "^5.1.2"
    signal-exit "^3.0.3"
    strip-final-newline "^2.0.0"

fast-glob@^3.2.9:
  version "3.3.2"
  dependencies:
    "@nodelib/fs.stat" "^2.0.2"
    "@nodelib/fs.walk" "^1.2.3"
    glob-parent "^5.1.2"
    merge2 "^1.3.0"
    micromatch "^4.0.4"

fastq@^1.6.0:
  version "1.17.1"
  dependencies:
    reusify "^1.0.4"

fill-range@^7.0.1:
  version "7.0.1"
  dependencies:
    to-regex-range "^5.0.1"

find-replace@^3.0.0:
  version "3.0.0"
  dependencies:
    array-back "^3.0.1"

foreground-child@^3.1.0:
  version "3.1.1"
  dependencies:
    cross-spawn "^7.0.0"
    signal-exit "^4.0.1"

get-stream@^6.0.0:
  version "6.0.1"

glob-parent@^5.1.2, glob-parent@~5.1.2:
  version "5.1.2"
  dependencies:
    is-glob "^4.0.1"

glob@^10.3.10:
  version "10.3.10"
  dependencies:
    foreground-child "^3.1.0"
    jackspeak "^2.3.5"
    minimatch "^9.0.1"
    minipass "^5.0.0 || ^6.0.2 || ^7.0.0"
    path-scurry "^1.10.1"

globby@^11.0.3:
  version "11.1.0"
  dependencies:
    array-union "^2.1.0"
    dir-glob "^3.0.1"
    fast-glob "^3.2.9"
    ignore "^5.2.0"
    merge2 "^1.4.1"
    slash "^3.0.0"

human-signals@^2.1.0:
  version "2.1.0"

ignore@^5.2.0:
  version "5.3.1"

is-binary-path@~2.1.0:
  version "2.1.0"
  dependencies:
    binary-extensions "^2.0.0"

is-extglob@^2.1.1:
  version "2.1.1"

is-fullwidth-code-point@^3.0.0:
  version "3.0.0"

is-glob@^4.0.1, is-glob@~4.0.1:
  version "4.0.3"
  dependencies:
    is-extglob "^2.1.1"

is-number@^7.0.0:
  version "7.0.0"

is-stream@^2.0.0:
  version "2.0.1"

isexe@^2.0.0:
  version "2.0.0"

jackspeak@^2.3.5:
  version "2.3.6"
  dependencies:
    "@isaacs/cliui" "^8.0.2"
  optionalDependencies:
    "@pkgjs/parseargs" "^0.11.0"

joycon@^3.0.1:
  version "3.1.1"

lilconfig@^3.0.0:
  version "3.1.1"

lines-and-columns@^1.1.6:
  version "1.2.4"

load-tsconfig@^0.2.3:
  version "0.2.5"

lodash.camelcase@^4.3.0:
  version "4.3.0"

lodash.sortby@^4.7.0:
  version "4.7.0"

"lru-cache@^9.1.1 || ^10.0.0":
  version "10.2.0"

merge-stream@^2.0.0:
  version "2.0.0"

merge2@^1.3.0, merge2@^1.4.1:
  version "1.4.1"

micromatch@^4.0.4:
  version "4.0.5"
  dependencies:
    braces "^3.0.2"
    picomatch "^2.3.1"

mimic-fn@^2.1.0:
  version "2.1.0"

minimatch@^9.0.1:
  version "9.0.3"
  dependencies:
    brace-expansion "^2.0.1"

"minipass@^5.0.0 || ^6.0.2 || ^7.0.0":
  version "7.0.4"

ms@2.1.2:
  version "2.1.2"

mz@^2.7.0:
  version "2.7.0"
  dependencies:
    any-promise "^1.0.0"
    object-assign "^4.0.1"
    thenify-all "^1.0.0"

normalize-path@^3.0.0, normalize-path@~3.0.0:
  version "3.0.0"

npm-run-path@^4.0.1:
  version "4.0.1"
  dependencies:
    path-key "^3.0.0"

object-assign@^4.0.1:
  version "4.1.1"

onetime@^5.1.2:
  version "5.1.2"
  dependencies:
    mimic-fn "^2.1.0"

path-key@^3.0.0, path-key@^3.1.0:
  version "3.1.1"

path-scurry@^1.10.1:
  version "1.10.1"
  dependencies:
    lru-cache "^9.1.1 || ^10.0.0"
    minipass "^5.0.0 || ^6.0.2 || ^7.0.0"

path-type@^4.0.0:
  version "4.0.0"

picomatch@^2.0.4, picomatch@^2.2.1, picomatch@^2.3.1:
  version "2.3.1"

pirates@^4.0.1:
  version "4.0.6"

postcss-load-config@^4.0.1:
  version "4.0.2"
  dependencies:
    lilconfig "^3.0.0"
    yaml "^2.3.4"

punycode@^2.1.0:
  version "2.3.1"

queue-microtask@^1.2.2:
  version "1.2.3"

readdirp@~3.6.0:
  version "3.6.0"
  dependencies:
    picomatch "^2.2.1"

resolve-from@^5.0.0:
  version "5.0.0"

reusify@^1.0.4:
  version "1.0.4"

rollup@^4.0.2:
  version "4.13.0"
  dependencies:
    "@types/estree" "1.0.5"
  optionalDependencies:
    "@rollup/rollup-android-arm-eabi" "4.13.0"
    "@rollup/rollup-android-arm64" "4.13.0"
    "@rollup/rollup-darwin-arm64" "4.13.0"
    "@rollup/rollup-darwin-x64" "4.13.0"
    "@rollup/rollup-linux-arm-gnueabihf" "4.13.0"
    "@rollup/rollup-linux-arm64-gnu" "4.13.0"
    "@rollup/rollup-linux-arm64-musl" "4.13.0"
    "@rollup/rollup-linux-riscv64-gnu" "4.13.0"
    "@rollup/rollup-linux-x64-gnu" "4.13.0"
    "@rollup/rollup-linux-x64-musl" "4.13.0"
    "@rollup/rollup-win32-arm64-msvc" "4.13.0"
    "@rollup/rollup-win32-ia32-msvc" "4.13.0"
    "@rollup/rollup-win32-x64-msvc" "4.13.0"
    fsevents "~2.3.2"

run-parallel@^1.1.9:
  version "1.2.0"
  dependencies:
    queue-microtask "^1.2.2"

shebang-command@^2.0.0:
  version "2.0.0"
  dependencies:
    shebang-regex "^3.0.0"

shebang-regex@^3.0.0:
  version "3.0.0"

signal-exit@^3.0.3:
  version "3.0.7"

signal-exit@^4.0.1:
  version "4.1.0"

slash@^3.0.0:
  version "3.0.0"

source-map@0.8.0-beta.0:
  version "0.8.0-beta.0"
  dependencies:
    whatwg-url "^7.0.0"

"string-width-cjs@npm:string-width@^4.2.0":
  version "4.2.3"
  dependencies:
    emoji-regex "^8.0.0"
    is-fullwidth-code-point "^3.0.0"
    strip-ansi "^6.0.1"

string-width@^4.1.0:
  version "4.2.3"
  dependencies:
    emoji-regex "^8.0.0"
    is-fullwidth-code-point "^3.0.0"
    strip-ansi "^6.0.1"

string-width@^5.0.1, string-width@^5.1.2:
  version "5.1.2"
  dependencies:
    eastasianwidth "^0.2.0"
    emoji-regex "^9.2.2"
    strip-ansi "^7.0.1"

"strip-ansi-cjs@npm:strip-ansi@^6.0.1":
  version "6.0.1"
  dependencies:
    ansi-regex "^5.0.1"

strip-ansi@^6.0.0, strip-ansi@^6.0.1:
  version "6.0.1"
  dependencies:
    ansi-regex "^5.0.1"

strip-ansi@^7.0.1:
  version "7.1.0"
  dependencies:
    ansi-regex "^6.0.1"

strip-final-newline@^2.0.0:
  version "2.0.0"

sucrase@^3.20.3:
  version "3.35.0"
  dependencies:
    "@jridgewell/gen-mapping" "^0.3.2"
    commander "^4.0.0"
    glob "^10.3.10"
    lines-and-columns "^1.1.6"
    mz "^2.7.0"
    pirates "^4.0.1"
    ts-interface-checker "^0.1.9"

thenify-all@^1.0.0:
  version "1.6.0"
  dependencies:
    thenify ">= 3.1.0 < 4"

"thenify@>= 3.1.0 < 4":
  version "3.3.1"
  dependencies:
    any-promise "^1.0.0"

to-regex-range@^5.0.1:
  version "5.0.1"
  dependencies:
    is-number "^7.0.0"

tr46@^1.0.1:
  version "1.0.1"
  dependencies:
    punycode "^2.1.0"

tree-kill@^1.2.2:
  version "1.2.2"

ts-interface-checker@^0.1.9:
  version "0.1.13"

tsup@^8.0.2:
  version "8.0.2"
  dependencies:
    bundle-require "^4.0.0"
    cac "^6.7.12"
    chokidar "^3.5.1"
    debug "^4.3.1"
    esbuild "^0.19.2"
    execa "^5.0.0"
    globby "^11.0.3"
    joycon "^3.0.1"
    postcss-load-config "^4.0.1"
    resolve-from "^5.0.0"
    rollup "^4.0.2"
    source-map "0.8.0-beta.0"
    sucrase "^3.20.3"
    tree-kill "^1.2.2"

typescript@^4.5.4, typescript@>=4.5.0:
  version "4.9.5"

typical@^4.0.0:
  version "4.0.0"

undici-types@~5.26.4:
  version "5.26.5"

webidl-conversions@^4.0.2:
  version "4.0.2"

whatwg-url@^7.0.0:
  version "7.1.0"
  dependencies:
    lodash.sortby "^4.7.0"
    tr46 "^1.0.1"
    webidl-conversions "^4.0.2"

which@^2.0.1:
  version "2.0.2"
  dependencies:
    isexe "^2.0.0"

"wrap-ansi-cjs@npm:wrap-ansi@^7.0.0":
  version "7.0.0"
  dependencies:
    ansi-styles "^4.0.0"
    string-width "^4.1.0"
    strip-ansi "^6.0.0"

wrap-ansi@^8.1.0:
  version "8.1.0"
  dependencies:
    ansi-styles "^6.1.0"
    string-width "^5.0.1"
    strip-ansi "^7.0.1"

yaml@^2.3.4:
  version "2.4.1"
