# This file is generated by running "yarn install" inside your project.
# Manual changes might be lost - proceed with caution!

__metadata:
  version: 6
  cacheKey: 8

"@types/command-line-args@npm:5.2.3":
  version: 5.2.3
  resolution: "@types/command-line-args@npm:5.2.3"
  checksum: 3d90db5b4bbaabd049654a0d12fa378989ab0d76a0f98d4c606761b5a08ce76458df0f9bb175219e187b4cd57e285e6f836d23e86b2c3d997820854cc3ed9121
  languageName: node
  linkType: hard

"@types/node@npm:20.11.30":
  version: 20.11.30
  resolution: "@types/node@npm:20.11.30"
  dependencies:
    undici-types: ~5.26.4
  checksum: 7597767aa3e44b0f1bf62efa522dd17741135f283c11de6a20ead8bb7016fb4999cc30adcd8f2bb29ebb216906c92894346ccd187de170927dc1e212d2c07c81
  languageName: node
  linkType: hard

"@zooshdigital/bitbucket-code-insights@npm:^1.0.6":
  version: 1.0.6
  resolution: "@zooshdigital/bitbucket-code-insights@npm:1.0.6"
  dependencies:
    http-proxy-agent: 7.0.2
    node-fetch: 2.7.0
  checksum: f00aaf972c7708141c6be91c451a76dc86ecd32a8b6d66359500552479af3e059547c38eb57b675dec49ba88756695153d28955f650bdab8e7eeb1801e9e9717
  languageName: node
  linkType: hard

"@zooshdigital/bitbucket-v8-coverage-report@workspace:.":
  version: 0.0.0-use.local
  resolution: "@zooshdigital/bitbucket-v8-coverage-report@workspace:."
  dependencies:
    "@types/command-line-args": 5.2.3
    "@types/node": 20.11.30
    "@zooshdigital/bitbucket-code-insights": ^1.0.6
    command-line-args: 5.2.1
    cross-env: 7.0.3
    typescript: 4.5.4
  bin:
    bitbucket-v8-coverage-report: dist/index.js
  languageName: unknown
  linkType: soft

"agent-base@npm:^7.1.0":
  version: 7.1.1
  resolution: "agent-base@npm:7.1.1"
  dependencies:
    debug: ^4.3.4
  checksum: 51c158769c5c051482f9ca2e6e1ec085ac72b5a418a9b31b4e82fe6c0a6699adb94c1c42d246699a587b3335215037091c79e0de512c516f73b6ea844202f037
  languageName: node
  linkType: hard

"array-back@npm:^3.0.1, array-back@npm:^3.1.0":
  version: 3.1.0
  resolution: "array-back@npm:3.1.0"
  checksum: 7205004fcd0f9edd926db921af901b083094608d5b265738d0290092f9822f73accb468e677db74c7c94ef432d39e5ed75a7b1786701e182efb25bbba9734209
  languageName: node
  linkType: hard

"command-line-args@npm:5.2.1":
  version: 5.2.1
  resolution: "command-line-args@npm:5.2.1"
  dependencies:
    array-back: ^3.1.0
    find-replace: ^3.0.0
    lodash.camelcase: ^4.3.0
    typical: ^4.0.0
  checksum: e759519087be3cf2e86af8b9a97d3058b4910cd11ee852495be881a067b72891f6a32718fb685ee6d41531ab76b2b7bfb6602f79f882cd4b7587ff1e827982c7
  languageName: node
  linkType: hard

"cross-env@npm:7.0.3":
  version: 7.0.3
  resolution: "cross-env@npm:7.0.3"
  dependencies:
    cross-spawn: ^7.0.1
  bin:
    cross-env: src/bin/cross-env.js
    cross-env-shell: src/bin/cross-env-shell.js
  checksum: 26f2f3ea2ab32617f57effb70d329c2070d2f5630adc800985d8b30b56e8bf7f5f439dd3a0358b79cee6f930afc23cf8e23515f17ccfb30092c6b62c6b630a79
  languageName: node
  linkType: hard

"cross-spawn@npm:^7.0.1":
  version: 7.0.3
  resolution: "cross-spawn@npm:7.0.3"
  dependencies:
    path-key: ^3.1.0
    shebang-command: ^2.0.0
    which: ^2.0.1
  checksum: 671cc7c7288c3a8406f3c69a3ae2fc85555c04169e9d611def9a675635472614f1c0ed0ef80955d5b6d4e724f6ced67f0ad1bb006c2ea643488fcfef994d7f52
  languageName: node
  linkType: hard

"debug@npm:^4.3.4":
  version: 4.3.4
  resolution: "debug@npm:4.3.4"
  dependencies:
    ms: 2.1.2
  peerDependenciesMeta:
    supports-color:
      optional: true
  checksum: 3dbad3f94ea64f34431a9cbf0bafb61853eda57bff2880036153438f50fb5a84f27683ba0d8e5426bf41a8c6ff03879488120cf5b3a761e77953169c0600a708
  languageName: node
  linkType: hard

"find-replace@npm:^3.0.0":
  version: 3.0.0
  resolution: "find-replace@npm:3.0.0"
  dependencies:
    array-back: ^3.0.1
  checksum: 6b04bcfd79027f5b84aa1dfe100e3295da989bdac4b4de6b277f4d063e78f5c9e92ebc8a1fec6dd3b448c924ba404ee051cc759e14a3ee3e825fa1361025df08
  languageName: node
  linkType: hard

"http-proxy-agent@npm:7.0.2":
  version: 7.0.2
  resolution: "http-proxy-agent@npm:7.0.2"
  dependencies:
    agent-base: ^7.1.0
    debug: ^4.3.4
  checksum: 670858c8f8f3146db5889e1fa117630910101db601fff7d5a8aa637da0abedf68c899f03d3451cac2f83bcc4c3d2dabf339b3aa00ff8080571cceb02c3ce02f3
  languageName: node
  linkType: hard

"isexe@npm:^2.0.0":
  version: 2.0.0
  resolution: "isexe@npm:2.0.0"
  checksum: 26bf6c5480dda5161c820c5b5c751ae1e766c587b1f951ea3fcfc973bafb7831ae5b54a31a69bd670220e42e99ec154475025a468eae58ea262f813fdc8d1c62
  languageName: node
  linkType: hard

"lodash.camelcase@npm:^4.3.0":
  version: 4.3.0
  resolution: "lodash.camelcase@npm:4.3.0"
  checksum: cb9227612f71b83e42de93eccf1232feeb25e705bdb19ba26c04f91e885bfd3dd5c517c4a97137658190581d3493ea3973072ca010aab7e301046d90740393d1
  languageName: node
  linkType: hard

"ms@npm:2.1.2":
  version: 2.1.2
  resolution: "ms@npm:2.1.2"
  checksum: 673cdb2c3133eb050c745908d8ce632ed2c02d85640e2edb3ace856a2266a813b30c613569bf3354fdf4ea7d1a1494add3bfa95e2713baa27d0c2c71fc44f58f
  languageName: node
  linkType: hard

"node-fetch@npm:2.7.0":
  version: 2.7.0
  resolution: "node-fetch@npm:2.7.0"
  dependencies:
    whatwg-url: ^5.0.0
  peerDependencies:
    encoding: ^0.1.0
  peerDependenciesMeta:
    encoding:
      optional: true
  checksum: d76d2f5edb451a3f05b15115ec89fc6be39de37c6089f1b6368df03b91e1633fd379a7e01b7ab05089a25034b2023d959b47e59759cb38d88341b2459e89d6e5
  languageName: node
  linkType: hard

"path-key@npm:^3.1.0":
  version: 3.1.1
  resolution: "path-key@npm:3.1.1"
  checksum: 55cd7a9dd4b343412a8386a743f9c746ef196e57c823d90ca3ab917f90ab9f13dd0ded27252ba49dbdfcab2b091d998bc446f6220cd3cea65db407502a740020
  languageName: node
  linkType: hard

"shebang-command@npm:^2.0.0":
  version: 2.0.0
  resolution: "shebang-command@npm:2.0.0"
  dependencies:
    shebang-regex: ^3.0.0
  checksum: 6b52fe87271c12968f6a054e60f6bde5f0f3d2db483a1e5c3e12d657c488a15474121a1d55cd958f6df026a54374ec38a4a963988c213b7570e1d51575cea7fa
  languageName: node
  linkType: hard

"shebang-regex@npm:^3.0.0":
  version: 3.0.0
  resolution: "shebang-regex@npm:3.0.0"
  checksum: 1a2bcae50de99034fcd92ad4212d8e01eedf52c7ec7830eedcf886622804fe36884278f2be8be0ea5fde3fd1c23911643a4e0f726c8685b61871c8908af01222
  languageName: node
  linkType: hard

"tr46@npm:~0.0.3":
  version: 0.0.3
  resolution: "tr46@npm:0.0.3"
  checksum: 726321c5eaf41b5002e17ffbd1fb7245999a073e8979085dacd47c4b4e8068ff5777142fc6726d6ca1fd2ff16921b48788b87225cbc57c72636f6efa8efbffe3
  languageName: node
  linkType: hard

"typescript@npm:4.5.4":
  version: 4.5.4
  resolution: "typescript@npm:4.5.4"
  bin:
    tsc: bin/tsc
    tsserver: bin/tsserver
  checksum: 59f3243f9cd6fe3161e6150ff6bf795fc843b4234a655dbd938a310515e0d61afd1ac942799e7415e4334255e41c2c49b7dd5d9fd38a17acd25a6779ca7e0961
  languageName: node
  linkType: hard

"typescript@patch:typescript@4.5.4#~builtin<compat/typescript>":
  version: 4.5.4
  resolution: "typescript@patch:typescript@npm%3A4.5.4#~builtin<compat/typescript>::version=4.5.4&hash=bcec9a"
  bin:
    tsc: bin/tsc
    tsserver: bin/tsserver
  checksum: eda87927f9cfb94aca9b5e47842daf37347ad3073133e17f556fbb6c18f3493c5b551eedab0f4b26774235ddb7acbe0087250d5285f72ce6819a0891dd5a74ed
  languageName: node
  linkType: hard

"typical@npm:^4.0.0":
  version: 4.0.0
  resolution: "typical@npm:4.0.0"
  checksum: a242081956825328f535e6195a924240b34daf6e7fdb573a1809a42b9f37fb8114fa99c7ab89a695e0cdb419d4149d067f6723e4b95855ffd39c6c4ca378efb3
  languageName: node
  linkType: hard

"undici-types@npm:~5.26.4":
  version: 5.26.5
  resolution: "undici-types@npm:5.26.5"
  checksum: 3192ef6f3fd5df652f2dc1cd782b49d6ff14dc98e5dced492aa8a8c65425227da5da6aafe22523c67f035a272c599bb89cfe803c1db6311e44bed3042fc25487
  languageName: node
  linkType: hard

"webidl-conversions@npm:^3.0.0":
  version: 3.0.1
  resolution: "webidl-conversions@npm:3.0.1"
  checksum: c92a0a6ab95314bde9c32e1d0a6dfac83b578f8fa5f21e675bc2706ed6981bc26b7eb7e6a1fab158e5ce4adf9caa4a0aee49a52505d4d13c7be545f15021b17c
  languageName: node
  linkType: hard

"whatwg-url@npm:^5.0.0":
  version: 5.0.0
  resolution: "whatwg-url@npm:5.0.0"
  dependencies:
    tr46: ~0.0.3
    webidl-conversions: ^3.0.0
  checksum: b8daed4ad3356cc4899048a15b2c143a9aed0dfae1f611ebd55073310c7b910f522ad75d727346ad64203d7e6c79ef25eafd465f4d12775ca44b90fa82ed9e2c
  languageName: node
  linkType: hard

"which@npm:^2.0.1":
  version: 2.0.2
  resolution: "which@npm:2.0.2"
  dependencies:
    isexe: ^2.0.0
  bin:
    node-which: ./bin/node-which
  checksum: 1a5c563d3c1b52d5f893c8b61afe11abc3bab4afac492e8da5bde69d550de701cf9806235f20a47b5c8fa8a1d6a9135841de2596535e998027a54589000e66d1
  languageName: node
  linkType: hard
