# This file is generated by running "yarn install" inside your project.
# Manual changes might be lost - proceed with caution!

__metadata:
  version: 6
  cacheKey: 8

"@types/node@npm:^20.11.30":
  version: 20.11.30
  resolution: "@types/node@npm:20.11.30"
  dependencies:
    undici-types: ~5.26.4
  checksum: 7597767aa3e44b0f1bf62efa522dd17741135f283c11de6a20ead8bb7016fb4999cc30adcd8f2bb29ebb216906c92894346ccd187de170927dc1e212d2c07c81
  languageName: node
  linkType: hard

"agent-base@npm:^7.1.0":
  version: 7.1.0
  resolution: "agent-base@npm:7.1.0"
  dependencies:
    debug: ^4.3.4
  checksum: f7828f991470a0cc22cb579c86a18cbae83d8a3cbed39992ab34fc7217c4d126017f1c74d0ab66be87f71455318a8ea3e757d6a37881b8d0f2a2c6aa55e5418f
  languageName: node
  linkType: hard

"data-uri-to-buffer@npm:^4.0.0":
  version: 4.0.1
  resolution: "data-uri-to-buffer@npm:4.0.1"
  checksum: 0d0790b67ffec5302f204c2ccca4494f70b4e2d940fea3d36b09f0bb2b8539c2e86690429eb1f1dc4bcc9e4df0644193073e63d9ee48ac9fce79ec1506e4aa4c
  languageName: node
  linkType: hard

"debug@npm:^4.3.4":
  version: 4.3.4
  resolution: "debug@npm:4.3.4"
  dependencies:
    ms: 2.1.2
  peerDependenciesMeta:
    supports-color:
      optional: true
  checksum: 3dbad3f94ea64f34431a9cbf0bafb61853eda57bff2880036153438f50fb5a84f27683ba0d8e5426bf41a8c6ff03879488120cf5b3a761e77953169c0600a708
  languageName: node
  linkType: hard

"fetch-blob@npm:^3.1.2, fetch-blob@npm:^3.1.4":
  version: 3.2.0
  resolution: "fetch-blob@npm:3.2.0"
  dependencies:
    node-domexception: ^1.0.0
    web-streams-polyfill: ^3.0.3
  checksum: f19bc28a2a0b9626e69fd7cf3a05798706db7f6c7548da657cbf5026a570945f5eeaedff52007ea35c8bcd3d237c58a20bf1543bc568ab2422411d762dd3d5bf
  languageName: node
  linkType: hard

"formdata-polyfill@npm:^4.0.10":
  version: 4.0.10
  resolution: "formdata-polyfill@npm:4.0.10"
  dependencies:
    fetch-blob: ^3.1.2
  checksum: 82a34df292afadd82b43d4a740ce387bc08541e0a534358425193017bf9fb3567875dc5f69564984b1da979979b70703aa73dee715a17b6c229752ae736dd9db
  languageName: node
  linkType: hard

"http-proxy-agent@npm:7.0.2":
  version: 7.0.2
  resolution: "http-proxy-agent@npm:7.0.2"
  dependencies:
    agent-base: ^7.1.0
    debug: ^4.3.4
  checksum: 670858c8f8f3146db5889e1fa117630910101db601fff7d5a8aa637da0abedf68c899f03d3451cac2f83bcc4c3d2dabf339b3aa00ff8080571cceb02c3ce02f3
  languageName: node
  linkType: hard

"ms@npm:2.1.2":
  version: 2.1.2
  resolution: "ms@npm:2.1.2"
  checksum: 673cdb2c3133eb050c745908d8ce632ed2c02d85640e2edb3ace856a2266a813b30c613569bf3354fdf4ea7d1a1494add3bfa95e2713baa27d0c2c71fc44f58f
  languageName: node
  linkType: hard

"node-domexception@npm:^1.0.0":
  version: 1.0.0
  resolution: "node-domexception@npm:1.0.0"
  checksum: ee1d37dd2a4eb26a8a92cd6b64dfc29caec72bff5e1ed9aba80c294f57a31ba4895a60fd48347cf17dd6e766da0ae87d75657dfd1f384ebfa60462c2283f5c7f
  languageName: node
  linkType: hard

"node-fetch@npm:^3.3.2":
  version: 3.3.2
  resolution: "node-fetch@npm:3.3.2"
  dependencies:
    data-uri-to-buffer: ^4.0.0
    fetch-blob: ^3.1.4
    formdata-polyfill: ^4.0.10
  checksum: 06a04095a2ddf05b0830a0d5302699704d59bda3102894ea64c7b9d4c865ecdff2d90fd042df7f5bc40337266961cb6183dcc808ea4f3000d024f422b462da92
  languageName: node
  linkType: hard

"undici-types@npm:~5.26.4":
  version: 5.26.5
  resolution: "undici-types@npm:5.26.5"
  checksum: 3192ef6f3fd5df652f2dc1cd782b49d6ff14dc98e5dced492aa8a8c65425227da5da6aafe22523c67f035a272c599bb89cfe803c1db6311e44bed3042fc25487
  languageName: node
  linkType: hard

"web-streams-polyfill@npm:^3.0.3":
  version: 3.3.3
  resolution: "web-streams-polyfill@npm:3.3.3"
  checksum: 21ab5ea08a730a2ef8023736afe16713b4f2023ec1c7085c16c8e293ee17ed085dff63a0ad8722da30c99c4ccbd4ccd1b2e79c861829f7ef2963d7de7004c2cb
  languageName: node
  linkType: hard

"zoosh-publish-report@workspace:.":
  version: 0.0.0-use.local
  resolution: "zoosh-publish-report@workspace:."
  dependencies:
    "@types/node": ^20.11.30
    http-proxy-agent: 7.0.2
    node-fetch: ^3.3.2
  languageName: unknown
  linkType: soft
